
Microsoft Visual Studio Solution File, Format Version 12.00
# Visual Studio Version 16
VisualStudioVersion = 16.0.34729.46
MinimumVisualStudioVersion = 10.0.40219.1
Project("{FAE04EC0-301F-11D3-BF4B-00C04F79EFBC}") = "OFDConverter", "OFDConverter\OFDConverter.csproj", "{0A48F0EF-CBFD-4E40-95AB-3852FC546564}"
EndProject
Project("{FAE04EC0-301F-11D3-BF4B-00C04F79EFBC}") = "OFDConverter.Test", "OFDConverter.Test\OFDConverter.Test.csproj", "{0E3AC205-5DC3-429F-931C-13474F2592B4}"
EndProject
Global
	GlobalSection(SolutionConfigurationPlatforms) = preSolution
		Debug|Any CPU = Debug|Any CPU
		Release|Any CPU = Release|Any CPU
	EndGlobalSection
	GlobalSection(ProjectConfigurationPlatforms) = postSolution
		{0A48F0EF-CBFD-4E40-95AB-3852FC546564}.Debug|Any CPU.ActiveCfg = Debug|Any CPU
		{0A48F0EF-CBFD-4E40-95AB-3852FC546564}.Debug|Any CPU.Build.0 = Debug|Any CPU
		{0A48F0EF-CBFD-4E40-95AB-3852FC546564}.Release|Any CPU.ActiveCfg = Release|Any CPU
		{0A48F0EF-CBFD-4E40-95AB-3852FC546564}.Release|Any CPU.Build.0 = Release|Any CPU
		{0E3AC205-5DC3-429F-931C-13474F2592B4}.Debug|Any CPU.ActiveCfg = Debug|Any CPU
		{0E3AC205-5DC3-429F-931C-13474F2592B4}.Debug|Any CPU.Build.0 = Debug|Any CPU
		{0E3AC205-5DC3-429F-931C-13474F2592B4}.Release|Any CPU.ActiveCfg = Release|Any CPU
		{0E3AC205-5DC3-429F-931C-13474F2592B4}.Release|Any CPU.Build.0 = Release|Any CPU
	EndGlobalSection
	GlobalSection(SolutionProperties) = preSolution
		HideSolutionNode = FALSE
	EndGlobalSection
	GlobalSection(ExtensibilityGlobals) = postSolution
		SolutionGuid = {5CF4CD8D-313A-4E4D-A1C2-BC31BBC86F2F}
	EndGlobalSection
EndGlobal
